// !$*UTF8*$!
{
	archiveVersion = 1;
	classes = {
	};
	objectVersion = 50;
	objects = {

/* Begin PBXBuildFile section */
		43447FDE21B1B85900337D74 /* main.swift in Sources */ = {isa = PBXBuildFile; fileRef = 43447FDD21B1B85900337D74 /* main.swift */; };
		43447FE521B1B8A700337D74 /* 2017.swift in Sources */ = {isa = PBXBuildFile; fileRef = 43447FE421B1B8A700337D74 /* 2017.swift */; };
		43447FE721B1C12300337D74 /* Calendar.swift in Sources */ = {isa = PBXBuildFile; fileRef = 43447FE621B1C12300337D74 /* Calendar.swift */; };
		43447FEA21B1C64E00337D74 /* Day1_2017.swift in Sources */ = {isa = PBXBuildFile; fileRef = 43447FE921B1C64E00337D74 /* Day1_2017.swift */; };
		43447FEC21B1C93700337D74 /* Day2_2017.swift in Sources */ = {isa = PBXBuildFile; fileRef = 43447FEB21B1C93700337D74 /* Day2_2017.swift */; };
		43447FF021B1D68B00337D74 /* Day3_2017.swift in Sources */ = {isa = PBXBuildFile; fileRef = 43447FEF21B1D68B00337D74 /* Day3_2017.swift */; };
		43447FF221B20F5D00337D74 /* Day4_2017.swift in Sources */ = {isa = PBXBuildFile; fileRef = 43447FF121B20F5D00337D74 /* Day4_2017.swift */; };
		43447FF521B24A1000337D74 /* 2018.swift in Sources */ = {isa = PBXBuildFile; fileRef = 43447FF421B24A1000337D74 /* 2018.swift */; };
		43447FF721B24A2400337D74 /* Day1_2018.swift in Sources */ = {isa = PBXBuildFile; fileRef = 43447FF621B24A2400337D74 /* Day1_2018.swift */; };
		43447FF921B456CD00337D74 /* Day2_2018.swift in Sources */ = {isa = PBXBuildFile; fileRef = 43447FF821B456CD00337D74 /* Day2_2018.swift */; };
		43447FFB21B4F58100337D74 /* Day3_2018.swift in Sources */ = {isa = PBXBuildFile; fileRef = 43447FFA21B4F58100337D74 /* Day3_2018.swift */; };
		43A746B721B4FC0B004E51EA /* Day3_2018_Input.swift in Sources */ = {isa = PBXBuildFile; fileRef = 43A746B621B4FC0B004E51EA /* Day3_2018_Input.swift */; };
		43A746B921B6701C004E51EA /* Day4_2018.swift in Sources */ = {isa = PBXBuildFile; fileRef = 43A746B821B6701C004E51EA /* Day4_2018.swift */; };
		43A746BB21B7A7E5004E51EA /* Day5_2018.swift in Sources */ = {isa = PBXBuildFile; fileRef = 43A746BA21B7A7E5004E51EA /* Day5_2018.swift */; };
		43A746BD21B9F7BE004E51EA /* Day6_2018.swift in Sources */ = {isa = PBXBuildFile; fileRef = 43A746BC21B9F7BE004E51EA /* Day6_2018.swift */; };
		43A746BF21BDA8DD004E51EA /* Day7_2018.swift in Sources */ = {isa = PBXBuildFile; fileRef = 43A746BE21BDA8DD004E51EA /* Day7_2018.swift */; };
		43A746C121BDA8E5004E51EA /* Day8_2018.swift in Sources */ = {isa = PBXBuildFile; fileRef = 43A746C021BDA8E5004E51EA /* Day8_2018.swift */; };
		43A746C321BDA8EF004E51EA /* Day9_2018.swift in Sources */ = {isa = PBXBuildFile; fileRef = 43A746C221BDA8EF004E51EA /* Day9_2018.swift */; };
		43A746C521BDA8F5004E51EA /* Day10_2018.swift in Sources */ = {isa = PBXBuildFile; fileRef = 43A746C421BDA8F5004E51EA /* Day10_2018.swift */; };
		43A746C721BDA8FE004E51EA /* Day11_2018.swift in Sources */ = {isa = PBXBuildFile; fileRef = 43A746C621BDA8FE004E51EA /* Day11_2018.swift */; };
		43A746C921BDA907004E51EA /* Day12_2018.swift in Sources */ = {isa = PBXBuildFile; fileRef = 43A746C821BDA907004E51EA /* Day12_2018.swift */; };
		43A746CB21BDA90E004E51EA /* Day13_2018.swift in Sources */ = {isa = PBXBuildFile; fileRef = 43A746CA21BDA90E004E51EA /* Day13_2018.swift */; };
		43A746CD21BDA914004E51EA /* Day14_2018.swift in Sources */ = {isa = PBXBuildFile; fileRef = 43A746CC21BDA914004E51EA /* Day14_2018.swift */; };
		43A746CF21BDA91B004E51EA /* Day15_2018.swift in Sources */ = {isa = PBXBuildFile; fileRef = 43A746CE21BDA91B004E51EA /* Day15_2018.swift */; };
		43A746D121BDA921004E51EA /* Day16_2018.swift in Sources */ = {isa = PBXBuildFile; fileRef = 43A746D021BDA921004E51EA /* Day16_2018.swift */; };
		43A746D321BDA928004E51EA /* Day17_2018.swift in Sources */ = {isa = PBXBuildFile; fileRef = 43A746D221BDA928004E51EA /* Day17_2018.swift */; };
		43A746D521BDA92E004E51EA /* Day18_2018.swift in Sources */ = {isa = PBXBuildFile; fileRef = 43A746D421BDA92E004E51EA /* Day18_2018.swift */; };
		43A746D721BDA935004E51EA /* Day19_2018.swift in Sources */ = {isa = PBXBuildFile; fileRef = 43A746D621BDA935004E51EA /* Day19_2018.swift */; };
		43A746D921BDA940004E51EA /* Day20_2018.swift in Sources */ = {isa = PBXBuildFile; fileRef = 43A746D821BDA940004E51EA /* Day20_2018.swift */; };
		43A746DB21BDA94A004E51EA /* Day21_2018.swift in Sources */ = {isa = PBXBuildFile; fileRef = 43A746DA21BDA94A004E51EA /* Day21_2018.swift */; };
		43A746DD21BDA950004E51EA /* Day22_2018.swift in Sources */ = {isa = PBXBuildFile; fileRef = 43A746DC21BDA950004E51EA /* Day22_2018.swift */; };
		43A746DF21BDA956004E51EA /* Day23_2018.swift in Sources */ = {isa = PBXBuildFile; fileRef = 43A746DE21BDA956004E51EA /* Day23_2018.swift */; };
		43A746E121BDA95C004E51EA /* Day24_2018.swift in Sources */ = {isa = PBXBuildFile; fileRef = 43A746E021BDA95C004E51EA /* Day24_2018.swift */; };
/* End PBXBuildFile section */

/* Begin PBXCopyFilesBuildPhase section */
		43447FD821B1B85900337D74 /* CopyFiles */ = {
			isa = PBXCopyFilesBuildPhase;
			buildActionMask = 2147483647;
			dstPath = /usr/share/man/man1/;
			dstSubfolderSpec = 0;
			files = (
			);
			runOnlyForDeploymentPostprocessing = 1;
		};
/* End PBXCopyFilesBuildPhase section */

/* Begin PBXFileReference section */
		43447FDA21B1B85900337D74 /* AdventOfCode */ = {isa = PBXFileReference; explicitFileType = "compiled.mach-o.executable"; includeInIndex = 0; path = AdventOfCode; sourceTree = BUILT_PRODUCTS_DIR; };
		43447FDD21B1B85900337D74 /* main.swift */ = {isa = PBXFileReference; lastKnownFileType = sourcecode.swift; path = main.swift; sourceTree = "<group>"; };
		43447FE421B1B8A700337D74 /* 2017.swift */ = {isa = PBXFileReference; lastKnownFileType = sourcecode.swift; path = 2017.swift; sourceTree = "<group>"; };
		43447FE621B1C12300337D74 /* Calendar.swift */ = {isa = PBXFileReference; lastKnownFileType = sourcecode.swift; path = Calendar.swift; sourceTree = "<group>"; };
		43447FE921B1C64E00337D74 /* Day1_2017.swift */ = {isa = PBXFileReference; lastKnownFileType = sourcecode.swift; path = Day1_2017.swift; sourceTree = "<group>"; };
		43447FEB21B1C93700337D74 /* Day2_2017.swift */ = {isa = PBXFileReference; lastKnownFileType = sourcecode.swift; path = Day2_2017.swift; sourceTree = "<group>"; };
		43447FEF21B1D68B00337D74 /* Day3_2017.swift */ = {isa = PBXFileReference; fileEncoding = 4; lastKnownFileType = sourcecode.swift; path = Day3_2017.swift; sourceTree = "<group>"; };
		43447FF121B20F5D00337D74 /* Day4_2017.swift */ = {isa = PBXFileReference; lastKnownFileType = sourcecode.swift; path = Day4_2017.swift; sourceTree = "<group>"; };
		43447FF421B24A1000337D74 /* 2018.swift */ = {isa = PBXFileReference; lastKnownFileType = sourcecode.swift; path = 2018.swift; sourceTree = "<group>"; };
		43447FF621B24A2400337D74 /* Day1_2018.swift */ = {isa = PBXFileReference; lastKnownFileType = sourcecode.swift; path = Day1_2018.swift; sourceTree = "<group>"; };
		43447FF821B456CD00337D74 /* Day2_2018.swift */ = {isa = PBXFileReference; lastKnownFileType = sourcecode.swift; path = Day2_2018.swift; sourceTree = "<group>"; };
		43447FFA21B4F58100337D74 /* Day3_2018.swift */ = {isa = PBXFileReference; lastKnownFileType = sourcecode.swift; path = Day3_2018.swift; sourceTree = "<group>"; };
		43A746B621B4FC0B004E51EA /* Day3_2018_Input.swift */ = {isa = PBXFileReference; lastKnownFileType = sourcecode.swift; path = Day3_2018_Input.swift; sourceTree = "<group>"; };
		43A746B821B6701C004E51EA /* Day4_2018.swift */ = {isa = PBXFileReference; lastKnownFileType = sourcecode.swift; path = Day4_2018.swift; sourceTree = "<group>"; };
		43A746BA21B7A7E5004E51EA /* Day5_2018.swift */ = {isa = PBXFileReference; lastKnownFileType = sourcecode.swift; path = Day5_2018.swift; sourceTree = "<group>"; };
		43A746BC21B9F7BE004E51EA /* Day6_2018.swift */ = {isa = PBXFileReference; lastKnownFileType = sourcecode.swift; path = Day6_2018.swift; sourceTree = "<group>"; };
		43A746BE21BDA8DD004E51EA /* Day7_2018.swift */ = {isa = PBXFileReference; lastKnownFileType = sourcecode.swift; path = Day7_2018.swift; sourceTree = "<group>"; };
		43A746C021BDA8E5004E51EA /* Day8_2018.swift */ = {isa = PBXFileReference; lastKnownFileType = sourcecode.swift; path = Day8_2018.swift; sourceTree = "<group>"; };
		43A746C221BDA8EF004E51EA /* Day9_2018.swift */ = {isa = PBXFileReference; lastKnownFileType = sourcecode.swift; path = Day9_2018.swift; sourceTree = "<group>"; };
		43A746C421BDA8F5004E51EA /* Day10_2018.swift */ = {isa = PBXFileReference; lastKnownFileType = sourcecode.swift; path = Day10_2018.swift; sourceTree = "<group>"; };
		43A746C621BDA8FE004E51EA /* Day11_2018.swift */ = {isa = PBXFileReference; lastKnownFileType = sourcecode.swift; path = Day11_2018.swift; sourceTree = "<group>"; };
		43A746C821BDA907004E51EA /* Day12_2018.swift */ = {isa = PBXFileReference; lastKnownFileType = sourcecode.swift; path = Day12_2018.swift; sourceTree = "<group>"; };
		43A746CA21BDA90E004E51EA /* Day13_2018.swift */ = {isa = PBXFileReference; lastKnownFileType = sourcecode.swift; path = Day13_2018.swift; sourceTree = "<group>"; };
		43A746CC21BDA914004E51EA /* Day14_2018.swift */ = {isa = PBXFileReference; lastKnownFileType = sourcecode.swift; path = Day14_2018.swift; sourceTree = "<group>"; };
		43A746CE21BDA91B004E51EA /* Day15_2018.swift */ = {isa = PBXFileReference; lastKnownFileType = sourcecode.swift; path = Day15_2018.swift; sourceTree = "<group>"; };
		43A746D021BDA921004E51EA /* Day16_2018.swift */ = {isa = PBXFileReference; lastKnownFileType = sourcecode.swift; path = Day16_2018.swift; sourceTree = "<group>"; };
		43A746D221BDA928004E51EA /* Day17_2018.swift */ = {isa = PBXFileReference; lastKnownFileType = sourcecode.swift; path = Day17_2018.swift; sourceTree = "<group>"; };
		43A746D421BDA92E004E51EA /* Day18_2018.swift */ = {isa = PBXFileReference; lastKnownFileType = sourcecode.swift; path = Day18_2018.swift; sourceTree = "<group>"; };
		43A746D621BDA935004E51EA /* Day19_2018.swift */ = {isa = PBXFileReference; lastKnownFileType = sourcecode.swift; path = Day19_2018.swift; sourceTree = "<group>"; };
		43A746D821BDA940004E51EA /* Day20_2018.swift */ = {isa = PBXFileReference; lastKnownFileType = sourcecode.swift; path = Day20_2018.swift; sourceTree = "<group>"; };
		43A746DA21BDA94A004E51EA /* Day21_2018.swift */ = {isa = PBXFileReference; lastKnownFileType = sourcecode.swift; path = Day21_2018.swift; sourceTree = "<group>"; };
		43A746DC21BDA950004E51EA /* Day22_2018.swift */ = {isa = PBXFileReference; lastKnownFileType = sourcecode.swift; path = Day22_2018.swift; sourceTree = "<group>"; };
		43A746DE21BDA956004E51EA /* Day23_2018.swift */ = {isa = PBXFileReference; lastKnownFileType = sourcecode.swift; path = Day23_2018.swift; sourceTree = "<group>"; };
		43A746E021BDA95C004E51EA /* Day24_2018.swift */ = {isa = PBXFileReference; lastKnownFileType = sourcecode.swift; path = Day24_2018.swift; sourceTree = "<group>"; };
/* End PBXFileReference section */

/* Begin PBXFrameworksBuildPhase section */
		43447FD721B1B85900337D74 /* Frameworks */ = {
			isa = PBXFrameworksBuildPhase;
			buildActionMask = 2147483647;
			files = (
			);
			runOnlyForDeploymentPostprocessing = 0;
		};
/* End PBXFrameworksBuildPhase section */

/* Begin PBXGroup section */
		43447FD121B1B85900337D74 = {
			isa = PBXGroup;
			children = (
				43447FDC21B1B85900337D74 /* AdventOfCode */,
				43447FDB21B1B85900337D74 /* Products */,
			);
			sourceTree = "<group>";
		};
		43447FDB21B1B85900337D74 /* Products */ = {
			isa = PBXGroup;
			children = (
				43447FDA21B1B85900337D74 /* AdventOfCode */,
			);
			name = Products;
			sourceTree = "<group>";
		};
		43447FDC21B1B85900337D74 /* AdventOfCode */ = {
			isa = PBXGroup;
			children = (
				43447FF321B24A0800337D74 /* 2018 */,
				43447FE821B1C64000337D74 /* 2017 */,
				43447FDD21B1B85900337D74 /* main.swift */,
				43447FE621B1C12300337D74 /* Calendar.swift */,
			);
			path = AdventOfCode;
			sourceTree = "<group>";
		};
		43447FE821B1C64000337D74 /* 2017 */ = {
			isa = PBXGroup;
			children = (
				43447FE421B1B8A700337D74 /* 2017.swift */,
				43447FE921B1C64E00337D74 /* Day1_2017.swift */,
				43447FEB21B1C93700337D74 /* Day2_2017.swift */,
				43447FEF21B1D68B00337D74 /* Day3_2017.swift */,
				43447FF121B20F5D00337D74 /* Day4_2017.swift */,
			);
			path = 2017;
			sourceTree = "<group>";
		};
		43447FF321B24A0800337D74 /* 2018 */ = {
			isa = PBXGroup;
			children = (
				43447FF421B24A1000337D74 /* 2018.swift */,
				43447FF621B24A2400337D74 /* Day1_2018.swift */,
				43447FF821B456CD00337D74 /* Day2_2018.swift */,
				43447FFA21B4F58100337D74 /* Day3_2018.swift */,
				43A746B621B4FC0B004E51EA /* Day3_2018_Input.swift */,
				43A746B821B6701C004E51EA /* Day4_2018.swift */,
				43A746BA21B7A7E5004E51EA /* Day5_2018.swift */,
				43A746BC21B9F7BE004E51EA /* Day6_2018.swift */,
				43A746BE21BDA8DD004E51EA /* Day7_2018.swift */,
				43A746C021BDA8E5004E51EA /* Day8_2018.swift */,
				43A746C221BDA8EF004E51EA /* Day9_2018.swift */,
				43A746C421BDA8F5004E51EA /* Day10_2018.swift */,
				43A746C621BDA8FE004E51EA /* Day11_2018.swift */,
				43A746C821BDA907004E51EA /* Day12_2018.swift */,
				43A746CA21BDA90E004E51EA /* Day13_2018.swift */,
				43A746CC21BDA914004E51EA /* Day14_2018.swift */,
				43A746CE21BDA91B004E51EA /* Day15_2018.swift */,
				43A746D021BDA921004E51EA /* Day16_2018.swift */,
				43A746D221BDA928004E51EA /* Day17_2018.swift */,
				43A746D421BDA92E004E51EA /* Day18_2018.swift */,
				43A746D621BDA935004E51EA /* Day19_2018.swift */,
				43A746D821BDA940004E51EA /* Day20_2018.swift */,
				43A746DA21BDA94A004E51EA /* Day21_2018.swift */,
				43A746DC21BDA950004E51EA /* Day22_2018.swift */,
				43A746DE21BDA956004E51EA /* Day23_2018.swift */,
				43A746E021BDA95C004E51EA /* Day24_2018.swift */,
			);
			path = 2018;
			sourceTree = "<group>";
		};
/* End PBXGroup section */

/* Begin PBXNativeTarget section */
		43447FD921B1B85900337D74 /* AdventOfCode */ = {
			isa = PBXNativeTarget;
			buildConfigurationList = 43447FE121B1B85900337D74 /* Build configuration list for PBXNativeTarget "AdventOfCode" */;
			buildPhases = (
				43447FD621B1B85900337D74 /* Sources */,
				43447FD721B1B85900337D74 /* Frameworks */,
				43447FD821B1B85900337D74 /* CopyFiles */,
			);
			buildRules = (
			);
			dependencies = (
			);
			name = AdventOfCode;
			productName = AdventOfCode;
			productReference = 43447FDA21B1B85900337D74 /* AdventOfCode */;
			productType = "com.apple.product-type.tool";
		};
/* End PBXNativeTarget section */

/* Begin PBXProject section */
		43447FD221B1B85900337D74 /* Project object */ = {
			isa = PBXProject;
			attributes = {
				LastSwiftUpdateCheck = 1010;
				LastUpgradeCheck = 1010;
				ORGANIZATIONNAME = Farktronix;
				TargetAttributes = {
					43447FD921B1B85900337D74 = {
						CreatedOnToolsVersion = 10.1;
					};
				};
			};
			buildConfigurationList = 43447FD521B1B85900337D74 /* Build configuration list for PBXProject "AdventOfCode" */;
			compatibilityVersion = "Xcode 9.3";
			developmentRegion = en;
			hasScannedForEncodings = 0;
			knownRegions = (
				en,
			);
			mainGroup = 43447FD121B1B85900337D74;
			productRefGroup = 43447FDB21B1B85900337D74 /* Products */;
			projectDirPath = "";
			projectRoot = "";
			targets = (
				43447FD921B1B85900337D74 /* AdventOfCode */,
			);
		};
/* End PBXProject section */

/* Begin PBXSourcesBuildPhase section */
		43447FD621B1B85900337D74 /* Sources */ = {
			isa = PBXSourcesBuildPhase;
			buildActionMask = 2147483647;
			files = (
				43A746C921BDA907004E51EA /* Day12_2018.swift in Sources */,
				43A746CF21BDA91B004E51EA /* Day15_2018.swift in Sources */,
				43A746D121BDA921004E51EA /* Day16_2018.swift in Sources */,
				43A746BD21B9F7BE004E51EA /* Day6_2018.swift in Sources */,
				43A746C721BDA8FE004E51EA /* Day11_2018.swift in Sources */,
				43A746C321BDA8EF004E51EA /* Day9_2018.swift in Sources */,
				43447FF921B456CD00337D74 /* Day2_2018.swift in Sources */,
				43447FF521B24A1000337D74 /* 2018.swift in Sources */,
				43447FEA21B1C64E00337D74 /* Day1_2017.swift in Sources */,
				43447FEC21B1C93700337D74 /* Day2_2017.swift in Sources */,
				43447FDE21B1B85900337D74 /* main.swift in Sources */,
				43A746C521BDA8F5004E51EA /* Day10_2018.swift in Sources */,
				43A746C121BDA8E5004E51EA /* Day8_2018.swift in Sources */,
				43A746D321BDA928004E51EA /* Day17_2018.swift in Sources */,
				43447FE721B1C12300337D74 /* Calendar.swift in Sources */,
				43447FF221B20F5D00337D74 /* Day4_2017.swift in Sources */,
				43A746BB21B7A7E5004E51EA /* Day5_2018.swift in Sources */,
				43A746DD21BDA950004E51EA /* Day22_2018.swift in Sources */,
				43A746D521BDA92E004E51EA /* Day18_2018.swift in Sources */,
				43A746DB21BDA94A004E51EA /* Day21_2018.swift in Sources */,
				43A746BF21BDA8DD004E51EA /* Day7_2018.swift in Sources */,
				43A746B921B6701C004E51EA /* Day4_2018.swift in Sources */,
				43447FFB21B4F58100337D74 /* Day3_2018.swift in Sources */,
				43A746D921BDA940004E51EA /* Day20_2018.swift in Sources */,
				43A746E121BDA95C004E51EA /* Day24_2018.swift in Sources */,
				43A746DF21BDA956004E51EA /* Day23_2018.swift in Sources */,
				43A746CB21BDA90E004E51EA /* Day13_2018.swift in Sources */,
				43447FF021B1D68B00337D74 /* Day3_2017.swift in Sources */,
				43447FF721B24A2400337D74 /* Day1_2018.swift in Sources */,
				43A746CD21BDA914004E51EA /* Day14_2018.swift in Sources */,
				43A746D721BDA935004E51EA /* Day19_2018.swift in Sources */,
				43A746B721B4FC0B004E51EA /* Day3_2018_Input.swift in Sources */,
				43447FE521B1B8A700337D74 /* 2017.swift in Sources */,
			);
			runOnlyForDeploymentPostprocessing = 0;
		};
/* End PBXSourcesBuildPhase section */

/* Begin XCBuildConfiguration section */
		43447FDF21B1B85900337D74 /* Debug */ = {
			isa = XCBuildConfiguration;
			buildSettings = {
				ALWAYS_SEARCH_USER_PATHS = NO;
				CLANG_ANALYZER_NONNULL = YES;
				CLANG_ANALYZER_NUMBER_OBJECT_CONVERSION = YES_AGGRESSIVE;
				CLANG_CXX_LANGUAGE_STANDARD = "gnu++14";
				CLANG_CXX_LIBRARY = "libc++";
				CLANG_ENABLE_MODULES = YES;
				CLANG_ENABLE_OBJC_ARC = YES;
				CLANG_ENABLE_OBJC_WEAK = YES;
				CLANG_WARN_BLOCK_CAPTURE_AUTORELEASING = YES;
				CLANG_WARN_BOOL_CONVERSION = YES;
				CLANG_WARN_COMMA = YES;
				CLANG_WARN_CONSTANT_CONVERSION = YES;
				CLANG_WARN_DEPRECATED_OBJC_IMPLEMENTATIONS = YES;
				CLANG_WARN_DIRECT_OBJC_ISA_USAGE = YES_ERROR;
				CLANG_WARN_DOCUMENTATION_COMMENTS = YES;
				CLANG_WARN_EMPTY_BODY = YES;
				CLANG_WARN_ENUM_CONVERSION = YES;
				CLANG_WARN_INFINITE_RECURSION = YES;
				CLANG_WARN_INT_CONVERSION = YES;
				CLANG_WARN_NON_LITERAL_NULL_CONVERSION = YES;
				CLANG_WARN_OBJC_IMPLICIT_RETAIN_SELF = YES;
				CLANG_WARN_OBJC_LITERAL_CONVERSION = YES;
				CLANG_WARN_OBJC_ROOT_CLASS = YES_ERROR;
				CLANG_WARN_RANGE_LOOP_ANALYSIS = YES;
				CLANG_WARN_STRICT_PROTOTYPES = YES;
				CLANG_WARN_SUSPICIOUS_MOVE = YES;
				CLANG_WARN_UNGUARDED_AVAILABILITY = YES_AGGRESSIVE;
				CLANG_WARN_UNREACHABLE_CODE = YES;
				CLANG_WARN__DUPLICATE_METHOD_MATCH = YES;
				CODE_SIGN_IDENTITY = "Mac Developer";
				COPY_PHASE_STRIP = NO;
				DEBUG_INFORMATION_FORMAT = dwarf;
				ENABLE_STRICT_OBJC_MSGSEND = YES;
				ENABLE_TESTABILITY = YES;
				GCC_C_LANGUAGE_STANDARD = gnu11;
				GCC_DYNAMIC_NO_PIC = NO;
				GCC_NO_COMMON_BLOCKS = YES;
				GCC_OPTIMIZATION_LEVEL = 0;
				GCC_PREPROCESSOR_DEFINITIONS = (
					"DEBUG=1",
					"$(inherited)",
				);
				GCC_WARN_64_TO_32_BIT_CONVERSION = YES;
				GCC_WARN_ABOUT_RETURN_TYPE = YES_ERROR;
				GCC_WARN_UNDECLARED_SELECTOR = YES;
				GCC_WARN_UNINITIALIZED_AUTOS = YES_AGGRESSIVE;
				GCC_WARN_UNUSED_FUNCTION = YES;
				GCC_WARN_UNUSED_VARIABLE = YES;
				MACOSX_DEPLOYMENT_TARGET = 10.14;
				MTL_ENABLE_DEBUG_INFO = INCLUDE_SOURCE;
				MTL_FAST_MATH = YES;
				ONLY_ACTIVE_ARCH = YES;
				SDKROOT = macosx;
				SWIFT_ACTIVE_COMPILATION_CONDITIONS = DEBUG;
				SWIFT_OPTIMIZATION_LEVEL = "-Onone";
			};
			name = Debug;
		};
		43447FE021B1B85900337D74 /* Release */ = {
			isa = XCBuildConfiguration;
			buildSettings = {
				ALWAYS_SEARCH_USER_PATHS = NO;
				CLANG_ANALYZER_NONNULL = YES;
				CLANG_ANALYZER_NUMBER_OBJECT_CONVERSION = YES_AGGRESSIVE;
				CLANG_CXX_LANGUAGE_STANDARD = "gnu++14";
				CLANG_CXX_LIBRARY = "libc++";
				CLANG_ENABLE_MODULES = YES;
				CLANG_ENABLE_OBJC_ARC = YES;
				CLANG_ENABLE_OBJC_WEAK = YES;
				CLANG_WARN_BLOCK_CAPTURE_AUTORELEASING = YES;
				CLANG_WARN_BOOL_CONVERSION = YES;
				CLANG_WARN_COMMA = YES;
				CLANG_WARN_CONSTANT_CONVERSION = YES;
				CLANG_WARN_DEPRECATED_OBJC_IMPLEMENTATIONS = YES;
				CLANG_WARN_DIRECT_OBJC_ISA_USAGE = YES_ERROR;
				CLANG_WARN_DOCUMENTATION_COMMENTS = YES;
				CLANG_WARN_EMPTY_BODY = YES;
				CLANG_WARN_ENUM_CONVERSION = YES;
				CLANG_WARN_INFINITE_RECURSION = YES;
				CLANG_WARN_INT_CONVERSION = YES;
				CLANG_WARN_NON_LITERAL_NULL_CONVERSION = YES;
				CLANG_WARN_OBJC_IMPLICIT_RETAIN_SELF = YES;
				CLANG_WARN_OBJC_LITERAL_CONVERSION = YES;
				CLANG_WARN_OBJC_ROOT_CLASS = YES_ERROR;
				CLANG_WARN_RANGE_LOOP_ANALYSIS = YES;
				CLANG_WARN_STRICT_PROTOTYPES = YES;
				CLANG_WARN_SUSPICIOUS_MOVE = YES;
				CLANG_WARN_UNGUARDED_AVAILABILITY = YES_AGGRESSIVE;
				CLANG_WARN_UNREACHABLE_CODE = YES;
				CLANG_WARN__DUPLICATE_METHOD_MATCH = YES;
				CODE_SIGN_IDENTITY = "Mac Developer";
				COPY_PHASE_STRIP = NO;
				DEBUG_INFORMATION_FORMAT = "dwarf-with-dsym";
				ENABLE_NS_ASSERTIONS = NO;
				ENABLE_STRICT_OBJC_MSGSEND = YES;
				GCC_C_LANGUAGE_STANDARD = gnu11;
				GCC_NO_COMMON_BLOCKS = YES;
				GCC_WARN_64_TO_32_BIT_CONVERSION = YES;
				GCC_WARN_ABOUT_RETURN_TYPE = YES_ERROR;
				GCC_WARN_UNDECLARED_SELECTOR = YES;
				GCC_WARN_UNINITIALIZED_AUTOS = YES_AGGRESSIVE;
				GCC_WARN_UNUSED_FUNCTION = YES;
				GCC_WARN_UNUSED_VARIABLE = YES;
				MACOSX_DEPLOYMENT_TARGET = 10.14;
				MTL_ENABLE_DEBUG_INFO = NO;
				MTL_FAST_MATH = YES;
				SDKROOT = macosx;
				SWIFT_COMPILATION_MODE = wholemodule;
				SWIFT_OPTIMIZATION_LEVEL = "-O";
			};
			name = Release;
		};
		43447FE221B1B85900337D74 /* Debug */ = {
			isa = XCBuildConfiguration;
			buildSettings = {
				CODE_SIGN_STYLE = Automatic;
				DEVELOPMENT_TEAM = 5HMZ38CY33;
				GCC_OPTIMIZATION_LEVEL = s;
				PRODUCT_NAME = "$(TARGET_NAME)";
				SWIFT_OPTIMIZATION_LEVEL = "-O";
				SWIFT_VERSION = 4.2;
			};
			name = Debug;
		};
		43447FE321B1B85900337D74 /* Release */ = {
			isa = XCBuildConfiguration;
			buildSettings = {
				CODE_SIGN_STYLE = Automatic;
				DEVELOPMENT_TEAM = 5HMZ38CY33;
				PRODUCT_NAME = "$(TARGET_NAME)";
				SWIFT_VERSION = 4.2;
			};
			name = Release;
		};
/* End XCBuildConfiguration section */

/* Begin XCConfigurationList section */
		43447FD521B1B85900337D74 /* Build configuration list for PBXProject "AdventOfCode" */ = {
			isa = XCConfigurationList;
			buildConfigurations = (
				43447FDF21B1B85900337D74 /* Debug */,
				43447FE021B1B85900337D74 /* Release */,
			);
			defaultConfigurationIsVisible = 0;
			defaultConfigurationName = Release;
		};
		43447FE121B1B85900337D74 /* Build configuration list for PBXNativeTarget "AdventOfCode" */ = {
			isa = XCConfigurationList;
			buildConfigurations = (
				43447FE221B1B85900337D74 /* Debug */,
				43447FE321B1B85900337D74 /* Release */,
			);
			defaultConfigurationIsVisible = 0;
			defaultConfigurationName = Release;
		};
/* End XCConfigurationList section */
	};
	rootObject = 43447FD221B1B85900337D74 /* Project object */;
}
